
Microsoft Visual Studio Solution File, Format Version 12.00
# Visual Studio Version 17
VisualStudioVersion = 17.1.32414.318
MinimumVisualStudioVersion = 10.0.40219.1
Project("{2150E333-8FDC-42A3-9474-1A3956D46DE8}") = "Doc", "Doc", "{BA60A97C-AEEA-4083-83BD-9D5E92321072}"
EndProject
Project("{2150E333-8FDC-42A3-9474-1A3956D46DE8}") = "Src", "Src", "{00F1B12B-C619-4D84-81C0-2A8EB83F0E5C}"
EndProject
Project("{2150E333-8FDC-42A3-9474-1A3956D46DE8}") = "Test", "Test", "{2BC37DB1-735B-4E9F-98C3-EC53D125F247}"
EndProject
Project("{2150E333-8FDC-42A3-9474-1A3956D46DE8}") = "Common", "Common", "{1127111C-F99A-4977-817F-BA497663CA32}"
EndProject
Project("{2150E333-8FDC-42A3-9474-1A3956D46DE8}") = "Core", "Core", "{92466644-354B-4953-A8CE-63665FED3628}"
EndProject
Project("{2150E333-8FDC-42A3-9474-1A3956D46DE8}") = "Infrastructure", "Infrastructure", "{B80555FF-9B67-47FA-B7F7-BF1E76D0D6A7}"
EndProject
Project("{2150E333-8FDC-42A3-9474-1A3956D46DE8}") = "presentation", "presentation", "{FB446478-A3CA-4C50-972B-C26A11920692}"
EndProject
Project("{9A19103F-16F7-4668-BE54-9A1E7A4F7556}") = "Fish-Store.Domain", "Sina-Store.Domain\Fish-Store.Domain.csproj", "{0A192F42-7968-4F9D-B967-77F22C9A7BE0}"
EndProject
Project("{9A19103F-16F7-4668-BE54-9A1E7A4F7556}") = "Fish-Store.Application", "Sina-Store.Application\Fish-Store.Application.csproj", "{0BEE4BBA-5014-4589-B4E2-4A886EEFB16C}"
EndProject
Project("{9A19103F-16F7-4668-BE54-9A1E7A4F7556}") = "Fish-Store.Infrastructure", "Sina-Store.Infrastructure\Fish-Store.Infrastructure.csproj", "{D7C95894-8FB5-4C24-AA36-E8BEBE404A75}"
EndProject
Project("{9A19103F-16F7-4668-BE54-9A1E7A4F7556}") = "Fish-Store.Persistence", "Sina-Store.Persistence\Fish-Store.Persistence.csproj", "{5B469119-28CB-4DAF-AEF4-C7DDD3F8C63A}"
EndProject
Project("{9A19103F-16F7-4668-BE54-9A1E7A4F7556}") = "Fish-Store.Common", "Sina-Store.Common\Fish-Store.Common.csproj", "{C54C2F64-38F3-4771-9224-C7A9504E38FB}"
EndProject
Project("{9A19103F-16F7-4668-BE54-9A1E7A4F7556}") = "EndPoint.site", "EndPoint.site\EndPoint.site.csproj", "{BDF6EE78-4C9B-45FE-BE96-EBB38F4162CC}"
EndProject
Global
	GlobalSection(SolutionConfigurationPlatforms) = preSolution
		Debug|Any CPU = Debug|Any CPU
		Release|Any CPU = Release|Any CPU
	EndGlobalSection
	GlobalSection(ProjectConfigurationPlatforms) = postSolution
		{0A192F42-7968-4F9D-B967-77F22C9A7BE0}.Debug|Any CPU.ActiveCfg = Debug|Any CPU
		{0A192F42-7968-4F9D-B967-77F22C9A7BE0}.Debug|Any CPU.Build.0 = Debug|Any CPU
		{0A192F42-7968-4F9D-B967-77F22C9A7BE0}.Release|Any CPU.ActiveCfg = Release|Any CPU
		{0A192F42-7968-4F9D-B967-77F22C9A7BE0}.Release|Any CPU.Build.0 = Release|Any CPU
		{0BEE4BBA-5014-4589-B4E2-4A886EEFB16C}.Debug|Any CPU.ActiveCfg = Debug|Any CPU
		{0BEE4BBA-5014-4589-B4E2-4A886EEFB16C}.Debug|Any CPU.Build.0 = Debug|Any CPU
		{0BEE4BBA-5014-4589-B4E2-4A886EEFB16C}.Release|Any CPU.ActiveCfg = Release|Any CPU
		{0BEE4BBA-5014-4589-B4E2-4A886EEFB16C}.Release|Any CPU.Build.0 = Release|Any CPU
		{D7C95894-8FB5-4C24-AA36-E8BEBE404A75}.Debug|Any CPU.ActiveCfg = Debug|Any CPU
		{D7C95894-8FB5-4C24-AA36-E8BEBE404A75}.Debug|Any CPU.Build.0 = Debug|Any CPU
		{D7C95894-8FB5-4C24-AA36-E8BEBE404A75}.Release|Any CPU.ActiveCfg = Release|Any CPU
		{D7C95894-8FB5-4C24-AA36-E8BEBE404A75}.Release|Any CPU.Build.0 = Release|Any CPU
		{5B469119-28CB-4DAF-AEF4-C7DDD3F8C63A}.Debug|Any CPU.ActiveCfg = Debug|Any CPU
		{5B469119-28CB-4DAF-AEF4-C7DDD3F8C63A}.Debug|Any CPU.Build.0 = Debug|Any CPU
		{5B469119-28CB-4DAF-AEF4-C7DDD3F8C63A}.Release|Any CPU.ActiveCfg = Release|Any CPU
		{5B469119-28CB-4DAF-AEF4-C7DDD3F8C63A}.Release|Any CPU.Build.0 = Release|Any CPU
		{C54C2F64-38F3-4771-9224-C7A9504E38FB}.Debug|Any CPU.ActiveCfg = Debug|Any CPU
		{C54C2F64-38F3-4771-9224-C7A9504E38FB}.Debug|Any CPU.Build.0 = Debug|Any CPU
		{C54C2F64-38F3-4771-9224-C7A9504E38FB}.Release|Any CPU.ActiveCfg = Release|Any CPU
		{C54C2F64-38F3-4771-9224-C7A9504E38FB}.Release|Any CPU.Build.0 = Release|Any CPU
		{BDF6EE78-4C9B-45FE-BE96-EBB38F4162CC}.Debug|Any CPU.ActiveCfg = Debug|Any CPU
		{BDF6EE78-4C9B-45FE-BE96-EBB38F4162CC}.Debug|Any CPU.Build.0 = Debug|Any CPU
		{BDF6EE78-4C9B-45FE-BE96-EBB38F4162CC}.Release|Any CPU.ActiveCfg = Release|Any CPU
		{BDF6EE78-4C9B-45FE-BE96-EBB38F4162CC}.Release|Any CPU.Build.0 = Release|Any CPU
	EndGlobalSection
	GlobalSection(SolutionProperties) = preSolution
		HideSolutionNode = FALSE
	EndGlobalSection
	GlobalSection(NestedProjects) = preSolution
		{1127111C-F99A-4977-817F-BA497663CA32} = {00F1B12B-C619-4D84-81C0-2A8EB83F0E5C}
		{92466644-354B-4953-A8CE-63665FED3628} = {00F1B12B-C619-4D84-81C0-2A8EB83F0E5C}
		{B80555FF-9B67-47FA-B7F7-BF1E76D0D6A7} = {00F1B12B-C619-4D84-81C0-2A8EB83F0E5C}
		{FB446478-A3CA-4C50-972B-C26A11920692} = {00F1B12B-C619-4D84-81C0-2A8EB83F0E5C}
		{0A192F42-7968-4F9D-B967-77F22C9A7BE0} = {92466644-354B-4953-A8CE-63665FED3628}
		{0BEE4BBA-5014-4589-B4E2-4A886EEFB16C} = {92466644-354B-4953-A8CE-63665FED3628}
		{D7C95894-8FB5-4C24-AA36-E8BEBE404A75} = {B80555FF-9B67-47FA-B7F7-BF1E76D0D6A7}
		{5B469119-28CB-4DAF-AEF4-C7DDD3F8C63A} = {B80555FF-9B67-47FA-B7F7-BF1E76D0D6A7}
		{C54C2F64-38F3-4771-9224-C7A9504E38FB} = {1127111C-F99A-4977-817F-BA497663CA32}
		{BDF6EE78-4C9B-45FE-BE96-EBB38F4162CC} = {FB446478-A3CA-4C50-972B-C26A11920692}
	EndGlobalSection
	GlobalSection(ExtensibilityGlobals) = postSolution
		SolutionGuid = {F55AD8D7-D620-4DA8-97A1-0B2B1136E553}
	EndGlobalSection
EndGlobal
